PODS:
  - Mapbox-iOS-SDK (3.6.4)
  - MapboxDirections.swift (0.25.0):
    - Polyline (~> 4.2)
  - Polyline (4.2.0)

DEPENDENCIES:
  - Mapbox-iOS-SDK
  - MapboxDirections.swift

SPEC REPOS:
  https://github.com/cocoapods/specs.git:
    - Mapbox-iOS-SDK
    - MapboxDirections.swift
    - Polyline

SPEC CHECKSUMS:
  Mapbox-iOS-SDK: 47847dd44285477e0dfffd0130f65c8a52823ada
  MapboxDirections.swift: 41ef6b5a43ddaa68f00da781969a0345edaca748
  Polyline: 3d69f75bb136357e27291d439d0436c6ebda57a4

PODFILE CHECKSUM: fbe2c79a549e93800a72db1986274352e820c95f

COCOAPODS: 1.6.0.beta.2
